{
  "originHash" : "5d87db6dc4f4d1f3721842cf3b4605598e56b9b67d1fe2cb3756a4cb8a81fc13",
  "pins" : [
    {
      "identity" : "codeeditorview",
      "kind" : "remoteSourceControl",
      "location" : "https://github.com/mchakravarty/CodeEditorView",
      "state" : {
        "revision" : "5375871f59888a6ea98a1632e0b2e7a6e676cd88",
        "version" : "0.12.0"
      }
    },
    {
      "identity" : "filepicker",
      "kind" : "remoteSourceControl",
      "location" : "https://github.com/markrenaud/FilePicker",
      "state" : {
        "revision" : "720f8cb5ca0c0efc982ed381afc84ba3e8b3214e",
        "version" : "1.0.1"
      }
    },
    {
      "identity" : "orsserialport",
      "kind" : "remoteSourceControl",
      "location" : "https://github.com/armadsen/ORSSerialPort.git",
      "state" : {
        "revision" : "58a8cc454304e22280f184c2d2e25ecb3d5a74c5",
        "version" : "2.1.0"
      }
    },
    {
      "identity" : "pythonkit",
      "kind" : "remoteSourceControl",
      "location" : "https://github.com/pvieito/PythonKit",
      "state" : {
        "branch" : "master",
        "revision" : "6fee7617cfa910fbac7035276e295ba967adbbb4"
      }
    },
    {
      "identity" : "rearrange",
      "kind" : "remoteSourceControl",
      "location" : "https://github.com/ChimeHQ/Rearrange.git",
      "state" : {
        "revision" : "5ff7f3363f7a08f77e0d761e38e6add31c2136e1",
        "version" : "1.8.1"
      }
    },
    {
      "identity" : "splitview",
      "kind" : "remoteSourceControl",
      "location" : "https://github.com/stevengharris/SplitView",
      "state" : {
        "revision" : "7737a80740919c2fa94a6e64f870d37ef77b9b5f",
        "version" : "3.5.3"
      }
    },
    {
      "identity" : "zip",
      "kind" : "remoteSourceControl",
      "location" : "https://github.com/marmelroy/Zip",
      "state" : {
        "revision" : "67fa55813b9e7b3b9acee9c0ae501def28746d76",
        "version" : "2.1.2"
      }
    }
  ],
  "version" : 3
}
